
Microsoft Visual Studio Solution File, Format Version 12.00
# Visual Studio Version 17
VisualStudioVersion = 17.6.33829.357
MinimumVisualStudioVersion = 10.0.40219.1
Project("{FAE04EC0-301F-11D3-BF4B-00C04F79EFBC}") = "CRUDPeopleMotion", "CRUDPeopleMotion.csproj", "{B85C9DB3-C47D-484F-9FEF-2BCF04E984FB}"
EndProject
Global
	GlobalSection(SolutionConfigurationPlatforms) = preSolution
		Debug|Any CPU = Debug|Any CPU
		Release|Any CPU = Release|Any CPU
	EndGlobalSection
	GlobalSection(ProjectConfigurationPlatforms) = postSolution
		{B85C9DB3-C47D-484F-9FEF-2BCF04E984FB}.Debug|Any CPU.ActiveCfg = Debug|Any CPU
		{B85C9DB3-C47D-484F-9FEF-2BCF04E984FB}.Debug|Any CPU.Build.0 = Debug|Any CPU
		{B85C9DB3-C47D-484F-9FEF-2BCF04E984FB}.Release|Any CPU.ActiveCfg = Release|Any CPU
		{B85C9DB3-C47D-484F-9FEF-2BCF04E984FB}.Release|Any CPU.Build.0 = Release|Any CPU
	EndGlobalSection
	GlobalSection(SolutionProperties) = preSolution
		HideSolutionNode = FALSE
	EndGlobalSection
	GlobalSection(ExtensibilityGlobals) = postSolution
		SolutionGuid = {159A31DF-4292-46CB-8155-241565078024}
	EndGlobalSection
EndGlobal
